// !$*UTF8*$!
{
	archiveVersion = 1;
	classes = {
	};
	objectVersion = 56;
	objects = {

/* Begin PBXBuildFile section */
		8184A9A62AF34216006484B9 /* My_WhatsAppApp.swift in Sources */ = {isa = PBXBuildFile; fileRef = 8184A9A52AF34216006484B9 /* My_WhatsAppApp.swift */; };
		8184A9A82AF34216006484B9 /* ContentView.swift in Sources */ = {isa = PBXBuildFile; fileRef = 8184A9A72AF34216006484B9 /* ContentView.swift */; };
		8184A9AA2AF34217006484B9 /* Assets.xcassets in Resources */ = {isa = PBXBuildFile; fileRef = 8184A9A92AF34217006484B9 /* Assets.xcassets */; };
		8184A9AD2AF34217006484B9 /* Preview Assets.xcassets in Resources */ = {isa = PBXBuildFile; fileRef = 8184A9AC2AF34217006484B9 /* Preview Assets.xcassets */; };
		81A4A90C2AF62EB700815471 /* SettingsView.swift in Sources */ = {isa = PBXBuildFile; fileRef = 81A4A8FB2AF62EB700815471 /* SettingsView.swift */; };
		81A4A90D2AF62EB700815471 /* ConversationsView.swift in Sources */ = {isa = PBXBuildFile; fileRef = 81A4A8FD2AF62EB700815471 /* ConversationsView.swift */; };
		81A4A90E2AF62EB700815471 /* ChatView.swift in Sources */ = {isa = PBXBuildFile; fileRef = 81A4A8FF2AF62EB700815471 /* ChatView.swift */; };
		81A4A90F2AF62EB700815471 /* MainTabView.swift in Sources */ = {isa = PBXBuildFile; fileRef = 81A4A9012AF62EB700815471 /* MainTabView.swift */; };
		81A4A9142AF62EB700815471 /* RegistrationView.swift in Sources */ = {isa = PBXBuildFile; fileRef = 81A4A9082AF62EB700815471 /* RegistrationView.swift */; };
		81A4A9152AF62EB700815471 /* LoginView.swift in Sources */ = {isa = PBXBuildFile; fileRef = 81A4A9092AF62EB700815471 /* LoginView.swift */; };
		81A4A9162AF62EB700815471 /* ChannelsView.swift in Sources */ = {isa = PBXBuildFile; fileRef = 81A4A90B2AF62EB700815471 /* ChannelsView.swift */; };
		81E2F0B02AF554BD00550881 /* CustomTextField.swift in Sources */ = {isa = PBXBuildFile; fileRef = 81E2F0AF2AF554BD00550881 /* CustomTextField.swift */; };
/* End PBXBuildFile section */

/* Begin PBXFileReference section */
		8184A9A22AF34216006484B9 /* My-WhatsApp.app */ = {isa = PBXFileReference; explicitFileType = wrapper.application; includeInIndex = 0; path = "My-WhatsApp.app"; sourceTree = BUILT_PRODUCTS_DIR; };
		8184A9A52AF34216006484B9 /* My_WhatsAppApp.swift */ = {isa = PBXFileReference; lastKnownFileType = sourcecode.swift; path = My_WhatsAppApp.swift; sourceTree = "<group>"; };
		8184A9A72AF34216006484B9 /* ContentView.swift */ = {isa = PBXFileReference; lastKnownFileType = sourcecode.swift; path = ContentView.swift; sourceTree = "<group>"; };
		8184A9A92AF34217006484B9 /* Assets.xcassets */ = {isa = PBXFileReference; lastKnownFileType = folder.assetcatalog; path = Assets.xcassets; sourceTree = "<group>"; };
		8184A9AC2AF34217006484B9 /* Preview Assets.xcassets */ = {isa = PBXFileReference; lastKnownFileType = folder.assetcatalog; path = "Preview Assets.xcassets"; sourceTree = "<group>"; };
		81A4A8FB2AF62EB700815471 /* SettingsView.swift */ = {isa = PBXFileReference; fileEncoding = 4; lastKnownFileType = sourcecode.swift; path = SettingsView.swift; sourceTree = "<group>"; };
		81A4A8FD2AF62EB700815471 /* ConversationsView.swift */ = {isa = PBXFileReference; fileEncoding = 4; lastKnownFileType = sourcecode.swift; path = ConversationsView.swift; sourceTree = "<group>"; };
		81A4A8FF2AF62EB700815471 /* ChatView.swift */ = {isa = PBXFileReference; fileEncoding = 4; lastKnownFileType = sourcecode.swift; path = ChatView.swift; sourceTree = "<group>"; };
		81A4A9012AF62EB700815471 /* MainTabView.swift */ = {isa = PBXFileReference; fileEncoding = 4; lastKnownFileType = sourcecode.swift; path = MainTabView.swift; sourceTree = "<group>"; };
		81A4A9082AF62EB700815471 /* RegistrationView.swift */ = {isa = PBXFileReference; fileEncoding = 4; lastKnownFileType = sourcecode.swift; path = RegistrationView.swift; sourceTree = "<group>"; };
		81A4A9092AF62EB700815471 /* LoginView.swift */ = {isa = PBXFileReference; fileEncoding = 4; lastKnownFileType = sourcecode.swift; path = LoginView.swift; sourceTree = "<group>"; };
		81A4A90B2AF62EB700815471 /* ChannelsView.swift */ = {isa = PBXFileReference; fileEncoding = 4; lastKnownFileType = sourcecode.swift; path = ChannelsView.swift; sourceTree = "<group>"; };
		81E2F0AF2AF554BD00550881 /* CustomTextField.swift */ = {isa = PBXFileReference; lastKnownFileType = sourcecode.swift; path = CustomTextField.swift; sourceTree = "<group>"; };
/* End PBXFileReference section */

/* Begin PBXFrameworksBuildPhase section */
		8184A99F2AF34216006484B9 /* Frameworks */ = {
			isa = PBXFrameworksBuildPhase;
			buildActionMask = 2147483647;
			files = (
			);
			runOnlyForDeploymentPostprocessing = 0;
		};
/* End PBXFrameworksBuildPhase section */

/* Begin PBXGroup section */
		8184A9992AF34216006484B9 = {
			isa = PBXGroup;
			children = (
				8184A9A42AF34216006484B9 /* My-WhatsApp */,
				8184A9A32AF34216006484B9 /* Products */,
			);
			sourceTree = "<group>";
		};
		8184A9A32AF34216006484B9 /* Products */ = {
			isa = PBXGroup;
			children = (
				8184A9A22AF34216006484B9 /* My-WhatsApp.app */,
			);
			name = Products;
			sourceTree = "<group>";
		};
		8184A9A42AF34216006484B9 /* My-WhatsApp */ = {
			isa = PBXGroup;
			children = (
				8184A9B72AF3441F006484B9 /* Utils */,
				8184A9B62AF34414006484B9 /* API */,
				8184A9B52AF343F7006484B9 /* ViewModel */,
				81A4A8F92AF62EB700815471 /* View */,
				8184A9B32AF343D8006484B9 /* Model */,
				8184A9A52AF34216006484B9 /* My_WhatsAppApp.swift */,
				8184A9A72AF34216006484B9 /* ContentView.swift */,
				8184A9A92AF34217006484B9 /* Assets.xcassets */,
				8184A9AB2AF34217006484B9 /* Preview Content */,
			);
			path = "My-WhatsApp";
			sourceTree = "<group>";
		};
		8184A9AB2AF34217006484B9 /* Preview Content */ = {
			isa = PBXGroup;
			children = (
				8184A9AC2AF34217006484B9 /* Preview Assets.xcassets */,
			);
			path = "Preview Content";
			sourceTree = "<group>";
		};
		8184A9B32AF343D8006484B9 /* Model */ = {
			isa = PBXGroup;
			children = (
			);
			path = Model;
			sourceTree = "<group>";
		};
		8184A9B52AF343F7006484B9 /* ViewModel */ = {
			isa = PBXGroup;
			children = (
			);
			path = ViewModel;
			sourceTree = "<group>";
		};
		8184A9B62AF34414006484B9 /* API */ = {
			isa = PBXGroup;
			children = (
			);
			path = API;
			sourceTree = "<group>";
		};
		8184A9B72AF3441F006484B9 /* Utils */ = {
			isa = PBXGroup;
			children = (
				81E2F0AF2AF554BD00550881 /* CustomTextField.swift */,
			);
			path = Utils;
			sourceTree = "<group>";
		};
		81A4A8F92AF62EB700815471 /* View */ = {
			isa = PBXGroup;
			children = (
				81A4A8FA2AF62EB700815471 /* Settings */,
				81A4A8FC2AF62EB700815471 /* Conversations */,
				81A4A8FE2AF62EB700815471 /* Chats */,
				81A4A9002AF62EB700815471 /* Main */,
				81A4A9072AF62EB700815471 /* Authentication */,
				81A4A90A2AF62EB700815471 /* Channels */,
			);
			path = View;
			sourceTree = "<group>";
		};
		81A4A8FA2AF62EB700815471 /* Settings */ = {
			isa = PBXGroup;
			children = (
				81A4A8FB2AF62EB700815471 /* SettingsView.swift */,
			);
			path = Settings;
			sourceTree = "<group>";
		};
		81A4A8FC2AF62EB700815471 /* Conversations */ = {
			isa = PBXGroup;
			children = (
				81A4A8FD2AF62EB700815471 /* ConversationsView.swift */,
			);
			path = Conversations;
			sourceTree = "<group>";
		};
		81A4A8FE2AF62EB700815471 /* Chats */ = {
			isa = PBXGroup;
			children = (
				81A4A8FF2AF62EB700815471 /* ChatView.swift */,
			);
			path = Chats;
			sourceTree = "<group>";
		};
		81A4A9002AF62EB700815471 /* Main */ = {
			isa = PBXGroup;
			children = (
				81A4A9012AF62EB700815471 /* MainTabView.swift */,
			);
			path = Main;
			sourceTree = "<group>";
		};
		81A4A9072AF62EB700815471 /* Authentication */ = {
			isa = PBXGroup;
			children = (
				81A4A9082AF62EB700815471 /* RegistrationView.swift */,
				81A4A9092AF62EB700815471 /* LoginView.swift */,
			);
			path = Authentication;
			sourceTree = "<group>";
		};
		81A4A90A2AF62EB700815471 /* Channels */ = {
			isa = PBXGroup;
			children = (
				81A4A90B2AF62EB700815471 /* ChannelsView.swift */,
			);
			path = Channels;
			sourceTree = "<group>";
		};
/* End PBXGroup section */

/* Begin PBXNativeTarget section */
		8184A9A12AF34216006484B9 /* My-WhatsApp */ = {
			isa = PBXNativeTarget;
			buildConfigurationList = 8184A9B02AF34217006484B9 /* Build configuration list for PBXNativeTarget "My-WhatsApp" */;
			buildPhases = (
				8184A99E2AF34216006484B9 /* Sources */,
				8184A99F2AF34216006484B9 /* Frameworks */,
				8184A9A02AF34216006484B9 /* Resources */,
			);
			buildRules = (
			);
			dependencies = (
			);
			name = "My-WhatsApp";
			productName = "My-WhatsApp";
			productReference = 8184A9A22AF34216006484B9 /* My-WhatsApp.app */;
			productType = "com.apple.product-type.application";
		};
/* End PBXNativeTarget section */

/* Begin PBXProject section */
		8184A99A2AF34216006484B9 /* Project object */ = {
			isa = PBXProject;
			attributes = {
				BuildIndependentTargetsInParallel = 1;
				LastSwiftUpdateCheck = 1430;
				LastUpgradeCheck = 1430;
				TargetAttributes = {
					8184A9A12AF34216006484B9 = {
						CreatedOnToolsVersion = 14.3.1;
					};
				};
			};
			buildConfigurationList = 8184A99D2AF34216006484B9 /* Build configuration list for PBXProject "My-WhatsApp" */;
			compatibilityVersion = "Xcode 14.0";
			developmentRegion = en;
			hasScannedForEncodings = 0;
			knownRegions = (
				en,
				Base,
			);
			mainGroup = 8184A9992AF34216006484B9;
			productRefGroup = 8184A9A32AF34216006484B9 /* Products */;
			projectDirPath = "";
			projectRoot = "";
			targets = (
				8184A9A12AF34216006484B9 /* My-WhatsApp */,
			);
		};
/* End PBXProject section */

/* Begin PBXResourcesBuildPhase section */
		8184A9A02AF34216006484B9 /* Resources */ = {
			isa = PBXResourcesBuildPhase;
			buildActionMask = 2147483647;
			files = (
				8184A9AD2AF34217006484B9 /* Preview Assets.xcassets in Resources */,
				8184A9AA2AF34217006484B9 /* Assets.xcassets in Resources */,
			);
			runOnlyForDeploymentPostprocessing = 0;
		};
/* End PBXResourcesBuildPhase section */

/* Begin PBXSourcesBuildPhase section */
		8184A99E2AF34216006484B9 /* Sources */ = {
			isa = PBXSourcesBuildPhase;
			buildActionMask = 2147483647;
			files = (
				8184A9A82AF34216006484B9 /* ContentView.swift in Sources */,
				81A4A9152AF62EB700815471 /* LoginView.swift in Sources */,
				81A4A9162AF62EB700815471 /* ChannelsView.swift in Sources */,
				81A4A9142AF62EB700815471 /* RegistrationView.swift in Sources */,
				81A4A90F2AF62EB700815471 /* MainTabView.swift in Sources */,
				8184A9A62AF34216006484B9 /* My_WhatsAppApp.swift in Sources */,
				81A4A90C2AF62EB700815471 /* SettingsView.swift in Sources */,
				81A4A90E2AF62EB700815471 /* ChatView.swift in Sources */,
				81A4A90D2AF62EB700815471 /* ConversationsView.swift in Sources */,
				81E2F0B02AF554BD00550881 /* CustomTextField.swift in Sources */,
			);
			runOnlyForDeploymentPostprocessing = 0;
		};
/* End PBXSourcesBuildPhase section */

/* Begin XCBuildConfiguration section */
		8184A9AE2AF34217006484B9 /* Debug */ = {
			isa = XCBuildConfiguration;
			buildSettings = {
				ALWAYS_SEARCH_USER_PATHS = NO;
				CLANG_ANALYZER_NONNULL = YES;
				CLANG_ANALYZER_NUMBER_OBJECT_CONVERSION = YES_AGGRESSIVE;
				CLANG_CXX_LANGUAGE_STANDARD = "gnu++20";
				CLANG_ENABLE_MODULES = YES;
				CLANG_ENABLE_OBJC_ARC = YES;
				CLANG_ENABLE_OBJC_WEAK = YES;
				CLANG_WARN_BLOCK_CAPTURE_AUTORELEASING = YES;
				CLANG_WARN_BOOL_CONVERSION = YES;
				CLANG_WARN_COMMA = YES;
				CLANG_WARN_CONSTANT_CONVERSION = YES;
				CLANG_WARN_DEPRECATED_OBJC_IMPLEMENTATIONS = YES;
				CLANG_WARN_DIRECT_OBJC_ISA_USAGE = YES_ERROR;
				CLANG_WARN_DOCUMENTATION_COMMENTS = YES;
				CLANG_WARN_EMPTY_BODY = YES;
				CLANG_WARN_ENUM_CONVERSION = YES;
				CLANG_WARN_INFINITE_RECURSION = YES;
				CLANG_WARN_INT_CONVERSION = YES;
				CLANG_WARN_NON_LITERAL_NULL_CONVERSION = YES;
				CLANG_WARN_OBJC_IMPLICIT_RETAIN_SELF = YES;
				CLANG_WARN_OBJC_LITERAL_CONVERSION = YES;
				CLANG_WARN_OBJC_ROOT_CLASS = YES_ERROR;
				CLANG_WARN_QUOTED_INCLUDE_IN_FRAMEWORK_HEADER = YES;
				CLANG_WARN_RANGE_LOOP_ANALYSIS = YES;
				CLANG_WARN_STRICT_PROTOTYPES = YES;
				CLANG_WARN_SUSPICIOUS_MOVE = YES;
				CLANG_WARN_UNGUARDED_AVAILABILITY = YES_AGGRESSIVE;
				CLANG_WARN_UNREACHABLE_CODE = YES;
				CLANG_WARN__DUPLICATE_METHOD_MATCH = YES;
				COPY_PHASE_STRIP = NO;
				DEBUG_INFORMATION_FORMAT = dwarf;
				ENABLE_STRICT_OBJC_MSGSEND = YES;
				ENABLE_TESTABILITY = YES;
				GCC_C_LANGUAGE_STANDARD = gnu11;
				GCC_DYNAMIC_NO_PIC = NO;
				GCC_NO_COMMON_BLOCKS = YES;
				GCC_OPTIMIZATION_LEVEL = 0;
				GCC_PREPROCESSOR_DEFINITIONS = (
					"DEBUG=1",
					"$(inherited)",
				);
				GCC_WARN_64_TO_32_BIT_CONVERSION = YES;
				GCC_WARN_ABOUT_RETURN_TYPE = YES_ERROR;
				GCC_WARN_UNDECLARED_SELECTOR = YES;
				GCC_WARN_UNINITIALIZED_AUTOS = YES_AGGRESSIVE;
				GCC_WARN_UNUSED_FUNCTION = YES;
				GCC_WARN_UNUSED_VARIABLE = YES;
				IPHONEOS_DEPLOYMENT_TARGET = 16.4;
				MTL_ENABLE_DEBUG_INFO = INCLUDE_SOURCE;
				MTL_FAST_MATH = YES;
				ONLY_ACTIVE_ARCH = YES;
				SDKROOT = iphoneos;
				SWIFT_ACTIVE_COMPILATION_CONDITIONS = DEBUG;
				SWIFT_OPTIMIZATION_LEVEL = "-Onone";
			};
			name = Debug;
		};
		8184A9AF2AF34217006484B9 /* Release */ = {
			isa = XCBuildConfiguration;
			buildSettings = {
				ALWAYS_SEARCH_USER_PATHS = NO;
				CLANG_ANALYZER_NONNULL = YES;
				CLANG_ANALYZER_NUMBER_OBJECT_CONVERSION = YES_AGGRESSIVE;
				CLANG_CXX_LANGUAGE_STANDARD = "gnu++20";
				CLANG_ENABLE_MODULES = YES;
				CLANG_ENABLE_OBJC_ARC = YES;
				CLANG_ENABLE_OBJC_WEAK = YES;
				CLANG_WARN_BLOCK_CAPTURE_AUTORELEASING = YES;
				CLANG_WARN_BOOL_CONVERSION = YES;
				CLANG_WARN_COMMA = YES;
				CLANG_WARN_CONSTANT_CONVERSION = YES;
				CLANG_WARN_DEPRECATED_OBJC_IMPLEMENTATIONS = YES;
				CLANG_WARN_DIRECT_OBJC_ISA_USAGE = YES_ERROR;
				CLANG_WARN_DOCUMENTATION_COMMENTS = YES;
				CLANG_WARN_EMPTY_BODY = YES;
				CLANG_WARN_ENUM_CONVERSION = YES;
				CLANG_WARN_INFINITE_RECURSION = YES;
				CLANG_WARN_INT_CONVERSION = YES;
				CLANG_WARN_NON_LITERAL_NULL_CONVERSION = YES;
				CLANG_WARN_OBJC_IMPLICIT_RETAIN_SELF = YES;
				CLANG_WARN_OBJC_LITERAL_CONVERSION = YES;
				CLANG_WARN_OBJC_ROOT_CLASS = YES_ERROR;
				CLANG_WARN_QUOTED_INCLUDE_IN_FRAMEWORK_HEADER = YES;
				CLANG_WARN_RANGE_LOOP_ANALYSIS = YES;
				CLANG_WARN_STRICT_PROTOTYPES = YES;
				CLANG_WARN_SUSPICIOUS_MOVE = YES;
				CLANG_WARN_UNGUARDED_AVAILABILITY = YES_AGGRESSIVE;
				CLANG_WARN_UNREACHABLE_CODE = YES;
				CLANG_WARN__DUPLICATE_METHOD_MATCH = YES;
				COPY_PHASE_STRIP = NO;
				DEBUG_INFORMATION_FORMAT = "dwarf-with-dsym";
				ENABLE_NS_ASSERTIONS = NO;
				ENABLE_STRICT_OBJC_MSGSEND = YES;
				GCC_C_LANGUAGE_STANDARD = gnu11;
				GCC_NO_COMMON_BLOCKS = YES;
				GCC_WARN_64_TO_32_BIT_CONVERSION = YES;
				GCC_WARN_ABOUT_RETURN_TYPE = YES_ERROR;
				GCC_WARN_UNDECLARED_SELECTOR = YES;
				GCC_WARN_UNINITIALIZED_AUTOS = YES_AGGRESSIVE;
				GCC_WARN_UNUSED_FUNCTION = YES;
				GCC_WARN_UNUSED_VARIABLE = YES;
				IPHONEOS_DEPLOYMENT_TARGET = 16.4;
				MTL_ENABLE_DEBUG_INFO = NO;
				MTL_FAST_MATH = YES;
				SDKROOT = iphoneos;
				SWIFT_COMPILATION_MODE = wholemodule;
				SWIFT_OPTIMIZATION_LEVEL = "-O";
				VALIDATE_PRODUCT = YES;
			};
			name = Release;
		};
		8184A9B12AF34217006484B9 /* Debug */ = {
			isa = XCBuildConfiguration;
			buildSettings = {
				ASSETCATALOG_COMPILER_APPICON_NAME = AppIcon;
				ASSETCATALOG_COMPILER_GLOBAL_ACCENT_COLOR_NAME = AccentColor;
				CODE_SIGN_STYLE = Automatic;
				CURRENT_PROJECT_VERSION = 1;
				DEVELOPMENT_ASSET_PATHS = "\"My-WhatsApp/Preview Content\"";
				DEVELOPMENT_TEAM = 4CJW76Y9FL;
				ENABLE_PREVIEWS = YES;
				GENERATE_INFOPLIST_FILE = YES;
				INFOPLIST_KEY_UIApplicationSceneManifest_Generation = YES;
				INFOPLIST_KEY_UIApplicationSupportsIndirectInputEvents = YES;
				INFOPLIST_KEY_UILaunchScreen_Generation = YES;
				INFOPLIST_KEY_UISupportedInterfaceOrientations_iPad = "UIInterfaceOrientationPortrait UIInterfaceOrientationPortraitUpsideDown UIInterfaceOrientationLandscapeLeft UIInterfaceOrientationLandscapeRight";
				INFOPLIST_KEY_UISupportedInterfaceOrientations_iPhone = "UIInterfaceOrientationPortrait UIInterfaceOrientationLandscapeLeft UIInterfaceOrientationLandscapeRight";
				LD_RUNPATH_SEARCH_PATHS = (
					"$(inherited)",
					"@executable_path/Frameworks",
				);
				MARKETING_VERSION = 1.0;
				PRODUCT_BUNDLE_IDENTIFIER = "Sahil.Amrut.Agashe.com.My-WhatsApp";
				PRODUCT_NAME = "$(TARGET_NAME)";
				SWIFT_EMIT_LOC_STRINGS = YES;
				SWIFT_VERSION = 5.0;
				TARGETED_DEVICE_FAMILY = "1,2";
			};
			name = Debug;
		};
		8184A9B22AF34217006484B9 /* Release */ = {
			isa = XCBuildConfiguration;
			buildSettings = {
				ASSETCATALOG_COMPILER_APPICON_NAME = AppIcon;
				ASSETCATALOG_COMPILER_GLOBAL_ACCENT_COLOR_NAME = AccentColor;
				CODE_SIGN_STYLE = Automatic;
				CURRENT_PROJECT_VERSION = 1;
				DEVELOPMENT_ASSET_PATHS = "\"My-WhatsApp/Preview Content\"";
				DEVELOPMENT_TEAM = 4CJW76Y9FL;
				ENABLE_PREVIEWS = YES;
				GENERATE_INFOPLIST_FILE = YES;
				INFOPLIST_KEY_UIApplicationSceneManifest_Generation = YES;
				INFOPLIST_KEY_UIApplicationSupportsIndirectInputEvents = YES;
				INFOPLIST_KEY_UILaunchScreen_Generation = YES;
				INFOPLIST_KEY_UISupportedInterfaceOrientations_iPad = "UIInterfaceOrientationPortrait UIInterfaceOrientationPortraitUpsideDown UIInterfaceOrientationLandscapeLeft UIInterfaceOrientationLandscapeRight";
				INFOPLIST_KEY_UISupportedInterfaceOrientations_iPhone = "UIInterfaceOrientationPortrait UIInterfaceOrientationLandscapeLeft UIInterfaceOrientationLandscapeRight";
				LD_RUNPATH_SEARCH_PATHS = (
					"$(inherited)",
					"@executable_path/Frameworks",
				);
				MARKETING_VERSION = 1.0;
				PRODUCT_BUNDLE_IDENTIFIER = "Sahil.Amrut.Agashe.com.My-WhatsApp";
				PRODUCT_NAME = "$(TARGET_NAME)";
				SWIFT_EMIT_LOC_STRINGS = YES;
				SWIFT_VERSION = 5.0;
				TARGETED_DEVICE_FAMILY = "1,2";
			};
			name = Release;
		};
/* End XCBuildConfiguration section */

/* Begin XCConfigurationList section */
		8184A99D2AF34216006484B9 /* Build configuration list for PBXProject "My-WhatsApp" */ = {
			isa = XCConfigurationList;
			buildConfigurations = (
				8184A9AE2AF34217006484B9 /* Debug */,
				8184A9AF2AF34217006484B9 /* Release */,
			);
			defaultConfigurationIsVisible = 0;
			defaultConfigurationName = Release;
		};
		8184A9B02AF34217006484B9 /* Build configuration list for PBXNativeTarget "My-WhatsApp" */ = {
			isa = XCConfigurationList;
			buildConfigurations = (
				8184A9B12AF34217006484B9 /* Debug */,
				8184A9B22AF34217006484B9 /* Release */,
			);
			defaultConfigurationIsVisible = 0;
			defaultConfigurationName = Release;
		};
/* End XCConfigurationList section */
	};
	rootObject = 8184A99A2AF34216006484B9 /* Project object */;
}
