// !$*UTF8*$!
{
	archiveVersion = 1;
	classes = {
	};
	objectVersion = 56;
	objects = {

/* Begin PBXBuildFile section */
		8107810B2AFFED5800151BDB /* GoogleService-Info.plist in Resources */ = {isa = PBXBuildFile; fileRef = 8107810A2AFFED5800151BDB /* GoogleService-Info.plist */; };
		8107810F2AFFF3ED00151BDB /* FirebaseAnalytics in Frameworks */ = {isa = PBXBuildFile; productRef = 8107810E2AFFF3ED00151BDB /* FirebaseAnalytics */; };
		810781112AFFF3ED00151BDB /* FirebaseAnalyticsOnDeviceConversion in Frameworks */ = {isa = PBXBuildFile; productRef = 810781102AFFF3ED00151BDB /* FirebaseAnalyticsOnDeviceConversion */; };
		810781132AFFF3ED00151BDB /* FirebaseAnalyticsSwift in Frameworks */ = {isa = PBXBuildFile; productRef = 810781122AFFF3ED00151BDB /* FirebaseAnalyticsSwift */; };
		810781152AFFF3ED00151BDB /* FirebaseAnalyticsWithoutAdIdSupport in Frameworks */ = {isa = PBXBuildFile; productRef = 810781142AFFF3ED00151BDB /* FirebaseAnalyticsWithoutAdIdSupport */; };
		810781172AFFF3ED00151BDB /* FirebaseAppCheck in Frameworks */ = {isa = PBXBuildFile; productRef = 810781162AFFF3ED00151BDB /* FirebaseAppCheck */; };
		810781192AFFF3ED00151BDB /* FirebaseAppDistribution-Beta in Frameworks */ = {isa = PBXBuildFile; productRef = 810781182AFFF3ED00151BDB /* FirebaseAppDistribution-Beta */; };
		8107811B2AFFF3ED00151BDB /* FirebaseAuth in Frameworks */ = {isa = PBXBuildFile; productRef = 8107811A2AFFF3ED00151BDB /* FirebaseAuth */; };
		8107811D2AFFF3ED00151BDB /* FirebaseAuthCombine-Community in Frameworks */ = {isa = PBXBuildFile; productRef = 8107811C2AFFF3ED00151BDB /* FirebaseAuthCombine-Community */; };
		8107811F2AFFF3ED00151BDB /* FirebaseCrashlytics in Frameworks */ = {isa = PBXBuildFile; productRef = 8107811E2AFFF3ED00151BDB /* FirebaseCrashlytics */; };
		810781212AFFF3ED00151BDB /* FirebaseDatabase in Frameworks */ = {isa = PBXBuildFile; productRef = 810781202AFFF3ED00151BDB /* FirebaseDatabase */; };
		810781232AFFF3ED00151BDB /* FirebaseDatabaseSwift in Frameworks */ = {isa = PBXBuildFile; productRef = 810781222AFFF3ED00151BDB /* FirebaseDatabaseSwift */; };
		810781252AFFF3ED00151BDB /* FirebaseDynamicLinks in Frameworks */ = {isa = PBXBuildFile; productRef = 810781242AFFF3ED00151BDB /* FirebaseDynamicLinks */; };
		810781272AFFF3ED00151BDB /* FirebaseFirestore in Frameworks */ = {isa = PBXBuildFile; productRef = 810781262AFFF3ED00151BDB /* FirebaseFirestore */; };
		810781292AFFF3ED00151BDB /* FirebaseFirestoreCombine-Community in Frameworks */ = {isa = PBXBuildFile; productRef = 810781282AFFF3ED00151BDB /* FirebaseFirestoreCombine-Community */; };
		8107812B2AFFF3ED00151BDB /* FirebaseFirestoreSwift in Frameworks */ = {isa = PBXBuildFile; productRef = 8107812A2AFFF3ED00151BDB /* FirebaseFirestoreSwift */; };
		8107812D2AFFF3ED00151BDB /* FirebaseFunctions in Frameworks */ = {isa = PBXBuildFile; productRef = 8107812C2AFFF3ED00151BDB /* FirebaseFunctions */; };
		8107812F2AFFF3ED00151BDB /* FirebaseFunctionsCombine-Community in Frameworks */ = {isa = PBXBuildFile; productRef = 8107812E2AFFF3ED00151BDB /* FirebaseFunctionsCombine-Community */; };
		810781312AFFF3ED00151BDB /* FirebaseInAppMessaging-Beta in Frameworks */ = {isa = PBXBuildFile; productRef = 810781302AFFF3ED00151BDB /* FirebaseInAppMessaging-Beta */; };
		810781332AFFF3ED00151BDB /* FirebaseInAppMessagingSwift-Beta in Frameworks */ = {isa = PBXBuildFile; productRef = 810781322AFFF3ED00151BDB /* FirebaseInAppMessagingSwift-Beta */; };
		810781352AFFF3ED00151BDB /* FirebaseInstallations in Frameworks */ = {isa = PBXBuildFile; productRef = 810781342AFFF3ED00151BDB /* FirebaseInstallations */; };
		810781372AFFF3ED00151BDB /* FirebaseMLModelDownloader in Frameworks */ = {isa = PBXBuildFile; productRef = 810781362AFFF3ED00151BDB /* FirebaseMLModelDownloader */; };
		810781392AFFF3ED00151BDB /* FirebaseMessaging in Frameworks */ = {isa = PBXBuildFile; productRef = 810781382AFFF3ED00151BDB /* FirebaseMessaging */; };
		8107813B2AFFF3ED00151BDB /* FirebasePerformance in Frameworks */ = {isa = PBXBuildFile; productRef = 8107813A2AFFF3ED00151BDB /* FirebasePerformance */; };
		8107813D2AFFF3ED00151BDB /* FirebaseRemoteConfig in Frameworks */ = {isa = PBXBuildFile; productRef = 8107813C2AFFF3ED00151BDB /* FirebaseRemoteConfig */; };
		8107813F2AFFF3ED00151BDB /* FirebaseRemoteConfigSwift in Frameworks */ = {isa = PBXBuildFile; productRef = 8107813E2AFFF3ED00151BDB /* FirebaseRemoteConfigSwift */; };
		810781412AFFF3ED00151BDB /* FirebaseStorage in Frameworks */ = {isa = PBXBuildFile; productRef = 810781402AFFF3ED00151BDB /* FirebaseStorage */; };
		810781432AFFF3ED00151BDB /* FirebaseStorageCombine-Community in Frameworks */ = {isa = PBXBuildFile; productRef = 810781422AFFF3ED00151BDB /* FirebaseStorageCombine-Community */; };
		810781452AFFFA0D00151BDB /* AuthViewModel.swift in Sources */ = {isa = PBXBuildFile; fileRef = 810781442AFFFA0D00151BDB /* AuthViewModel.swift */; };
		8118FF032AFA976F00C29CA8 /* Extensions.swift in Sources */ = {isa = PBXBuildFile; fileRef = 8118FF022AFA976F00C29CA8 /* Extensions.swift */; };
		8118FF052AFAA4D800C29CA8 /* ChatBubble.swift in Sources */ = {isa = PBXBuildFile; fileRef = 8118FF042AFAA4D800C29CA8 /* ChatBubble.swift */; };
		8118FF072AFAA6FD00C29CA8 /* MessageView.swift in Sources */ = {isa = PBXBuildFile; fileRef = 8118FF062AFAA6FD00C29CA8 /* MessageView.swift */; };
		8118FF092AFAB64500C29CA8 /* CustomInputView.swift in Sources */ = {isa = PBXBuildFile; fileRef = 8118FF082AFAB64500C29CA8 /* CustomInputView.swift */; };
		8118FF0B2AFABF0300C29CA8 /* Message.swift in Sources */ = {isa = PBXBuildFile; fileRef = 8118FF0A2AFABF0300C29CA8 /* Message.swift */; };
		8118FF0D2AFABF9800C29CA8 /* ChatViewModel.swift in Sources */ = {isa = PBXBuildFile; fileRef = 8118FF0C2AFABF9800C29CA8 /* ChatViewModel.swift */; };
		813E19BE2AF9442F00F0CC7E /* ConversationCell.swift in Sources */ = {isa = PBXBuildFile; fileRef = 813E19BD2AF9442F00F0CC7E /* ConversationCell.swift */; };
		813E19C02AF9532B00F0CC7E /* UserCell.swift in Sources */ = {isa = PBXBuildFile; fileRef = 813E19BF2AF9532B00F0CC7E /* UserCell.swift */; };
		813E19C22AF9541900F0CC7E /* NewMessageView.swift in Sources */ = {isa = PBXBuildFile; fileRef = 813E19C12AF9541900F0CC7E /* NewMessageView.swift */; };
		813E19C42AF9652B00F0CC7E /* SearchBar.swift in Sources */ = {isa = PBXBuildFile; fileRef = 813E19C32AF9652B00F0CC7E /* SearchBar.swift */; };
		8167A5EF2B00A3D400E03479 /* ProfilePhotoSelectorView.swift in Sources */ = {isa = PBXBuildFile; fileRef = 8167A5EE2B00A3D400E03479 /* ProfilePhotoSelectorView.swift */; };
		817823AE2AF75C5E00A47D1C /* StatusSelectorView.swift in Sources */ = {isa = PBXBuildFile; fileRef = 817823AD2AF75C5E00A47D1C /* StatusSelectorView.swift */; };
		817823B02AF764C600A47D1C /* StatusViewModel.swift in Sources */ = {isa = PBXBuildFile; fileRef = 817823AF2AF764C600A47D1C /* StatusViewModel.swift */; };
		817823B22AF77D6400A47D1C /* ImagePicker.swift in Sources */ = {isa = PBXBuildFile; fileRef = 817823B12AF77D6400A47D1C /* ImagePicker.swift */; };
		8184A9A62AF34216006484B9 /* My_WhatsAppApp.swift in Sources */ = {isa = PBXBuildFile; fileRef = 8184A9A52AF34216006484B9 /* My_WhatsAppApp.swift */; };
		8184A9A82AF34216006484B9 /* ContentView.swift in Sources */ = {isa = PBXBuildFile; fileRef = 8184A9A72AF34216006484B9 /* ContentView.swift */; };
		8184A9AA2AF34217006484B9 /* Assets.xcassets in Resources */ = {isa = PBXBuildFile; fileRef = 8184A9A92AF34217006484B9 /* Assets.xcassets */; };
		8184A9AD2AF34217006484B9 /* Preview Assets.xcassets in Resources */ = {isa = PBXBuildFile; fileRef = 8184A9AC2AF34217006484B9 /* Preview Assets.xcassets */; };
		81A4A90C2AF62EB700815471 /* SettingsView.swift in Sources */ = {isa = PBXBuildFile; fileRef = 81A4A8FB2AF62EB700815471 /* SettingsView.swift */; };
		81A4A90D2AF62EB700815471 /* ConversationsView.swift in Sources */ = {isa = PBXBuildFile; fileRef = 81A4A8FD2AF62EB700815471 /* ConversationsView.swift */; };
		81A4A90E2AF62EB700815471 /* ChatView.swift in Sources */ = {isa = PBXBuildFile; fileRef = 81A4A8FF2AF62EB700815471 /* ChatView.swift */; };
		81A4A90F2AF62EB700815471 /* MainTabView.swift in Sources */ = {isa = PBXBuildFile; fileRef = 81A4A9012AF62EB700815471 /* MainTabView.swift */; };
		81A4A9142AF62EB700815471 /* RegistrationView.swift in Sources */ = {isa = PBXBuildFile; fileRef = 81A4A9082AF62EB700815471 /* RegistrationView.swift */; };
		81A4A9152AF62EB700815471 /* LoginView.swift in Sources */ = {isa = PBXBuildFile; fileRef = 81A4A9092AF62EB700815471 /* LoginView.swift */; };
		81A4A9162AF62EB700815471 /* ChannelsView.swift in Sources */ = {isa = PBXBuildFile; fileRef = 81A4A90B2AF62EB700815471 /* ChannelsView.swift */; };
		81A4A9182AF65D0A00815471 /* SettingsHeaderView.swift in Sources */ = {isa = PBXBuildFile; fileRef = 81A4A9172AF65D0A00815471 /* SettingsHeaderView.swift */; };
		81A4A91A2AF65E6900815471 /* SettingsCell.swift in Sources */ = {isa = PBXBuildFile; fileRef = 81A4A9192AF65E6900815471 /* SettingsCell.swift */; };
		81A4A91C2AF69A6D00815471 /* SettingsCellViewModel.swift in Sources */ = {isa = PBXBuildFile; fileRef = 81A4A91B2AF69A6D00815471 /* SettingsCellViewModel.swift */; };
		81A4A91E2AF6A35000815471 /* EditProfileView.swift in Sources */ = {isa = PBXBuildFile; fileRef = 81A4A91D2AF6A35000815471 /* EditProfileView.swift */; };
		81C201062B11911D0001FC43 /* User.swift in Sources */ = {isa = PBXBuildFile; fileRef = 81C201052B11911D0001FC43 /* User.swift */; };
		81DA0B3C2B052CBE004799B7 /* ImageUploader.swift in Sources */ = {isa = PBXBuildFile; fileRef = 81DA0B3B2B052CBE004799B7 /* ImageUploader.swift */; };
		81E2F0B02AF554BD00550881 /* CustomTextField.swift in Sources */ = {isa = PBXBuildFile; fileRef = 81E2F0AF2AF554BD00550881 /* CustomTextField.swift */; };
/* End PBXBuildFile section */

/* Begin PBXFileReference section */
		8107810A2AFFED5800151BDB /* GoogleService-Info.plist */ = {isa = PBXFileReference; fileEncoding = 4; lastKnownFileType = text.plist.xml; path = "GoogleService-Info.plist"; sourceTree = "<group>"; };
		810781442AFFFA0D00151BDB /* AuthViewModel.swift */ = {isa = PBXFileReference; lastKnownFileType = sourcecode.swift; path = AuthViewModel.swift; sourceTree = "<group>"; };
		8118FF022AFA976F00C29CA8 /* Extensions.swift */ = {isa = PBXFileReference; lastKnownFileType = sourcecode.swift; path = Extensions.swift; sourceTree = "<group>"; };
		8118FF042AFAA4D800C29CA8 /* ChatBubble.swift */ = {isa = PBXFileReference; lastKnownFileType = sourcecode.swift; path = ChatBubble.swift; sourceTree = "<group>"; };
		8118FF062AFAA6FD00C29CA8 /* MessageView.swift */ = {isa = PBXFileReference; lastKnownFileType = sourcecode.swift; path = MessageView.swift; sourceTree = "<group>"; };
		8118FF082AFAB64500C29CA8 /* CustomInputView.swift */ = {isa = PBXFileReference; lastKnownFileType = sourcecode.swift; path = CustomInputView.swift; sourceTree = "<group>"; };
		8118FF0A2AFABF0300C29CA8 /* Message.swift */ = {isa = PBXFileReference; lastKnownFileType = sourcecode.swift; path = Message.swift; sourceTree = "<group>"; };
		8118FF0C2AFABF9800C29CA8 /* ChatViewModel.swift */ = {isa = PBXFileReference; lastKnownFileType = sourcecode.swift; path = ChatViewModel.swift; sourceTree = "<group>"; };
		813E19BD2AF9442F00F0CC7E /* ConversationCell.swift */ = {isa = PBXFileReference; lastKnownFileType = sourcecode.swift; path = ConversationCell.swift; sourceTree = "<group>"; };
		813E19BF2AF9532B00F0CC7E /* UserCell.swift */ = {isa = PBXFileReference; lastKnownFileType = sourcecode.swift; path = UserCell.swift; sourceTree = "<group>"; };
		813E19C12AF9541900F0CC7E /* NewMessageView.swift */ = {isa = PBXFileReference; lastKnownFileType = sourcecode.swift; path = NewMessageView.swift; sourceTree = "<group>"; };
		813E19C32AF9652B00F0CC7E /* SearchBar.swift */ = {isa = PBXFileReference; lastKnownFileType = sourcecode.swift; path = SearchBar.swift; sourceTree = "<group>"; };
		8167A5EE2B00A3D400E03479 /* ProfilePhotoSelectorView.swift */ = {isa = PBXFileReference; lastKnownFileType = sourcecode.swift; path = ProfilePhotoSelectorView.swift; sourceTree = "<group>"; };
		817823AD2AF75C5E00A47D1C /* StatusSelectorView.swift */ = {isa = PBXFileReference; lastKnownFileType = sourcecode.swift; path = StatusSelectorView.swift; sourceTree = "<group>"; };
		817823AF2AF764C600A47D1C /* StatusViewModel.swift */ = {isa = PBXFileReference; lastKnownFileType = sourcecode.swift; path = StatusViewModel.swift; sourceTree = "<group>"; };
		817823B12AF77D6400A47D1C /* ImagePicker.swift */ = {isa = PBXFileReference; lastKnownFileType = sourcecode.swift; path = ImagePicker.swift; sourceTree = "<group>"; };
		8184A9A22AF34216006484B9 /* My-WhatsApp.app */ = {isa = PBXFileReference; explicitFileType = wrapper.application; includeInIndex = 0; path = "My-WhatsApp.app"; sourceTree = BUILT_PRODUCTS_DIR; };
		8184A9A52AF34216006484B9 /* My_WhatsAppApp.swift */ = {isa = PBXFileReference; lastKnownFileType = sourcecode.swift; path = My_WhatsAppApp.swift; sourceTree = "<group>"; };
		8184A9A72AF34216006484B9 /* ContentView.swift */ = {isa = PBXFileReference; lastKnownFileType = sourcecode.swift; path = ContentView.swift; sourceTree = "<group>"; };
		8184A9A92AF34217006484B9 /* Assets.xcassets */ = {isa = PBXFileReference; lastKnownFileType = folder.assetcatalog; path = Assets.xcassets; sourceTree = "<group>"; };
		8184A9AC2AF34217006484B9 /* Preview Assets.xcassets */ = {isa = PBXFileReference; lastKnownFileType = folder.assetcatalog; path = "Preview Assets.xcassets"; sourceTree = "<group>"; };
		81A4A8FB2AF62EB700815471 /* SettingsView.swift */ = {isa = PBXFileReference; fileEncoding = 4; lastKnownFileType = sourcecode.swift; path = SettingsView.swift; sourceTree = "<group>"; };
		81A4A8FD2AF62EB700815471 /* ConversationsView.swift */ = {isa = PBXFileReference; fileEncoding = 4; lastKnownFileType = sourcecode.swift; path = ConversationsView.swift; sourceTree = "<group>"; };
		81A4A8FF2AF62EB700815471 /* ChatView.swift */ = {isa = PBXFileReference; fileEncoding = 4; lastKnownFileType = sourcecode.swift; path = ChatView.swift; sourceTree = "<group>"; };
		81A4A9012AF62EB700815471 /* MainTabView.swift */ = {isa = PBXFileReference; fileEncoding = 4; lastKnownFileType = sourcecode.swift; path = MainTabView.swift; sourceTree = "<group>"; };
		81A4A9082AF62EB700815471 /* RegistrationView.swift */ = {isa = PBXFileReference; fileEncoding = 4; lastKnownFileType = sourcecode.swift; path = RegistrationView.swift; sourceTree = "<group>"; };
		81A4A9092AF62EB700815471 /* LoginView.swift */ = {isa = PBXFileReference; fileEncoding = 4; lastKnownFileType = sourcecode.swift; path = LoginView.swift; sourceTree = "<group>"; };
		81A4A90B2AF62EB700815471 /* ChannelsView.swift */ = {isa = PBXFileReference; fileEncoding = 4; lastKnownFileType = sourcecode.swift; path = ChannelsView.swift; sourceTree = "<group>"; };
		81A4A9172AF65D0A00815471 /* SettingsHeaderView.swift */ = {isa = PBXFileReference; lastKnownFileType = sourcecode.swift; path = SettingsHeaderView.swift; sourceTree = "<group>"; };
		81A4A9192AF65E6900815471 /* SettingsCell.swift */ = {isa = PBXFileReference; lastKnownFileType = sourcecode.swift; path = SettingsCell.swift; sourceTree = "<group>"; };
		81A4A91B2AF69A6D00815471 /* SettingsCellViewModel.swift */ = {isa = PBXFileReference; lastKnownFileType = sourcecode.swift; path = SettingsCellViewModel.swift; sourceTree = "<group>"; };
		81A4A91D2AF6A35000815471 /* EditProfileView.swift */ = {isa = PBXFileReference; lastKnownFileType = sourcecode.swift; path = EditProfileView.swift; sourceTree = "<group>"; };
		81C201052B11911D0001FC43 /* User.swift */ = {isa = PBXFileReference; lastKnownFileType = sourcecode.swift; path = User.swift; sourceTree = "<group>"; };
		81DA0B3B2B052CBE004799B7 /* ImageUploader.swift */ = {isa = PBXFileReference; lastKnownFileType = sourcecode.swift; path = ImageUploader.swift; sourceTree = "<group>"; };
		81E2F0AF2AF554BD00550881 /* CustomTextField.swift */ = {isa = PBXFileReference; lastKnownFileType = sourcecode.swift; path = CustomTextField.swift; sourceTree = "<group>"; };
/* End PBXFileReference section */

/* Begin PBXFrameworksBuildPhase section */
		8184A99F2AF34216006484B9 /* Frameworks */ = {
			isa = PBXFrameworksBuildPhase;
			buildActionMask = 2147483647;
			files = (
				810781212AFFF3ED00151BDB /* FirebaseDatabase in Frameworks */,
				8107812F2AFFF3ED00151BDB /* FirebaseFunctionsCombine-Community in Frameworks */,
				810781272AFFF3ED00151BDB /* FirebaseFirestore in Frameworks */,
				810781132AFFF3ED00151BDB /* FirebaseAnalyticsSwift in Frameworks */,
				8107810F2AFFF3ED00151BDB /* FirebaseAnalytics in Frameworks */,
				810781112AFFF3ED00151BDB /* FirebaseAnalyticsOnDeviceConversion in Frameworks */,
				810781372AFFF3ED00151BDB /* FirebaseMLModelDownloader in Frameworks */,
				8107812B2AFFF3ED00151BDB /* FirebaseFirestoreSwift in Frameworks */,
				810781172AFFF3ED00151BDB /* FirebaseAppCheck in Frameworks */,
				810781152AFFF3ED00151BDB /* FirebaseAnalyticsWithoutAdIdSupport in Frameworks */,
				8107811B2AFFF3ED00151BDB /* FirebaseAuth in Frameworks */,
				8107811F2AFFF3ED00151BDB /* FirebaseCrashlytics in Frameworks */,
				8107813F2AFFF3ED00151BDB /* FirebaseRemoteConfigSwift in Frameworks */,
				810781312AFFF3ED00151BDB /* FirebaseInAppMessaging-Beta in Frameworks */,
				810781232AFFF3ED00151BDB /* FirebaseDatabaseSwift in Frameworks */,
				8107812D2AFFF3ED00151BDB /* FirebaseFunctions in Frameworks */,
				810781432AFFF3ED00151BDB /* FirebaseStorageCombine-Community in Frameworks */,
				8107813D2AFFF3ED00151BDB /* FirebaseRemoteConfig in Frameworks */,
				810781192AFFF3ED00151BDB /* FirebaseAppDistribution-Beta in Frameworks */,
				8107811D2AFFF3ED00151BDB /* FirebaseAuthCombine-Community in Frameworks */,
				8107813B2AFFF3ED00151BDB /* FirebasePerformance in Frameworks */,
				810781332AFFF3ED00151BDB /* FirebaseInAppMessagingSwift-Beta in Frameworks */,
				810781412AFFF3ED00151BDB /* FirebaseStorage in Frameworks */,
				810781252AFFF3ED00151BDB /* FirebaseDynamicLinks in Frameworks */,
				810781292AFFF3ED00151BDB /* FirebaseFirestoreCombine-Community in Frameworks */,
				810781392AFFF3ED00151BDB /* FirebaseMessaging in Frameworks */,
				810781352AFFF3ED00151BDB /* FirebaseInstallations in Frameworks */,
			);
			runOnlyForDeploymentPostprocessing = 0;
		};
/* End PBXFrameworksBuildPhase section */

/* Begin PBXGroup section */
		8184A9992AF34216006484B9 = {
			isa = PBXGroup;
			children = (
				8184A9A42AF34216006484B9 /* My-WhatsApp */,
				8184A9A32AF34216006484B9 /* Products */,
			);
			sourceTree = "<group>";
		};
		8184A9A32AF34216006484B9 /* Products */ = {
			isa = PBXGroup;
			children = (
				8184A9A22AF34216006484B9 /* My-WhatsApp.app */,
			);
			name = Products;
			sourceTree = "<group>";
		};
		8184A9A42AF34216006484B9 /* My-WhatsApp */ = {
			isa = PBXGroup;
			children = (
				8184A9B72AF3441F006484B9 /* Utils */,
				8184A9B62AF34414006484B9 /* API */,
				8184A9B52AF343F7006484B9 /* ViewModel */,
				81A4A8F92AF62EB700815471 /* View */,
				8184A9B32AF343D8006484B9 /* Model */,
				8184A9A52AF34216006484B9 /* My_WhatsAppApp.swift */,
				8184A9A72AF34216006484B9 /* ContentView.swift */,
				8184A9A92AF34217006484B9 /* Assets.xcassets */,
				8184A9AB2AF34217006484B9 /* Preview Content */,
			);
			path = "My-WhatsApp";
			sourceTree = "<group>";
		};
		8184A9AB2AF34217006484B9 /* Preview Content */ = {
			isa = PBXGroup;
			children = (
				8184A9AC2AF34217006484B9 /* Preview Assets.xcassets */,
				8107810A2AFFED5800151BDB /* GoogleService-Info.plist */,
			);
			path = "Preview Content";
			sourceTree = "<group>";
		};
		8184A9B32AF343D8006484B9 /* Model */ = {
			isa = PBXGroup;
			children = (
				8118FF0A2AFABF0300C29CA8 /* Message.swift */,
				81C201052B11911D0001FC43 /* User.swift */,
			);
			path = Model;
			sourceTree = "<group>";
		};
		8184A9B52AF343F7006484B9 /* ViewModel */ = {
			isa = PBXGroup;
			children = (
				81A4A91B2AF69A6D00815471 /* SettingsCellViewModel.swift */,
				817823AF2AF764C600A47D1C /* StatusViewModel.swift */,
				8118FF0C2AFABF9800C29CA8 /* ChatViewModel.swift */,
				810781442AFFFA0D00151BDB /* AuthViewModel.swift */,
			);
			path = ViewModel;
			sourceTree = "<group>";
		};
		8184A9B62AF34414006484B9 /* API */ = {
			isa = PBXGroup;
			children = (
				81DA0B3B2B052CBE004799B7 /* ImageUploader.swift */,
			);
			path = API;
			sourceTree = "<group>";
		};
		8184A9B72AF3441F006484B9 /* Utils */ = {
			isa = PBXGroup;
			children = (
				81E2F0AF2AF554BD00550881 /* CustomTextField.swift */,
				817823B12AF77D6400A47D1C /* ImagePicker.swift */,
				813E19C32AF9652B00F0CC7E /* SearchBar.swift */,
				8118FF022AFA976F00C29CA8 /* Extensions.swift */,
			);
			path = Utils;
			sourceTree = "<group>";
		};
		81A4A8F92AF62EB700815471 /* View */ = {
			isa = PBXGroup;
			children = (
				81A4A8FA2AF62EB700815471 /* Settings */,
				81A4A8FC2AF62EB700815471 /* Conversations */,
				81A4A8FE2AF62EB700815471 /* Chats */,
				81A4A9002AF62EB700815471 /* Main */,
				81A4A9072AF62EB700815471 /* Authentication */,
				81A4A90A2AF62EB700815471 /* Channels */,
			);
			path = View;
			sourceTree = "<group>";
		};
		81A4A8FA2AF62EB700815471 /* Settings */ = {
			isa = PBXGroup;
			children = (
				81A4A8FB2AF62EB700815471 /* SettingsView.swift */,
				81A4A9172AF65D0A00815471 /* SettingsHeaderView.swift */,
				81A4A9192AF65E6900815471 /* SettingsCell.swift */,
				81A4A91D2AF6A35000815471 /* EditProfileView.swift */,
				817823AD2AF75C5E00A47D1C /* StatusSelectorView.swift */,
			);
			path = Settings;
			sourceTree = "<group>";
		};
		81A4A8FC2AF62EB700815471 /* Conversations */ = {
			isa = PBXGroup;
			children = (
				81A4A8FD2AF62EB700815471 /* ConversationsView.swift */,
				813E19BD2AF9442F00F0CC7E /* ConversationCell.swift */,
				813E19BF2AF9532B00F0CC7E /* UserCell.swift */,
				813E19C12AF9541900F0CC7E /* NewMessageView.swift */,
			);
			path = Conversations;
			sourceTree = "<group>";
		};
		81A4A8FE2AF62EB700815471 /* Chats */ = {
			isa = PBXGroup;
			children = (
				81A4A8FF2AF62EB700815471 /* ChatView.swift */,
				8118FF042AFAA4D800C29CA8 /* ChatBubble.swift */,
				8118FF062AFAA6FD00C29CA8 /* MessageView.swift */,
				8118FF082AFAB64500C29CA8 /* CustomInputView.swift */,
			);
			path = Chats;
			sourceTree = "<group>";
		};
		81A4A9002AF62EB700815471 /* Main */ = {
			isa = PBXGroup;
			children = (
				81A4A9012AF62EB700815471 /* MainTabView.swift */,
			);
			path = Main;
			sourceTree = "<group>";
		};
		81A4A9072AF62EB700815471 /* Authentication */ = {
			isa = PBXGroup;
			children = (
				81A4A9082AF62EB700815471 /* RegistrationView.swift */,
				81A4A9092AF62EB700815471 /* LoginView.swift */,
				8167A5EE2B00A3D400E03479 /* ProfilePhotoSelectorView.swift */,
			);
			path = Authentication;
			sourceTree = "<group>";
		};
		81A4A90A2AF62EB700815471 /* Channels */ = {
			isa = PBXGroup;
			children = (
				81A4A90B2AF62EB700815471 /* ChannelsView.swift */,
			);
			path = Channels;
			sourceTree = "<group>";
		};
/* End PBXGroup section */

/* Begin PBXNativeTarget section */
		8184A9A12AF34216006484B9 /* My-WhatsApp */ = {
			isa = PBXNativeTarget;
			buildConfigurationList = 8184A9B02AF34217006484B9 /* Build configuration list for PBXNativeTarget "My-WhatsApp" */;
			buildPhases = (
				8184A99E2AF34216006484B9 /* Sources */,
				8184A99F2AF34216006484B9 /* Frameworks */,
				8184A9A02AF34216006484B9 /* Resources */,
			);
			buildRules = (
			);
			dependencies = (
			);
			name = "My-WhatsApp";
			packageProductDependencies = (
				8107810E2AFFF3ED00151BDB /* FirebaseAnalytics */,
				810781102AFFF3ED00151BDB /* FirebaseAnalyticsOnDeviceConversion */,
				810781122AFFF3ED00151BDB /* FirebaseAnalyticsSwift */,
				810781142AFFF3ED00151BDB /* FirebaseAnalyticsWithoutAdIdSupport */,
				810781162AFFF3ED00151BDB /* FirebaseAppCheck */,
				810781182AFFF3ED00151BDB /* FirebaseAppDistribution-Beta */,
				8107811A2AFFF3ED00151BDB /* FirebaseAuth */,
				8107811C2AFFF3ED00151BDB /* FirebaseAuthCombine-Community */,
				8107811E2AFFF3ED00151BDB /* FirebaseCrashlytics */,
				810781202AFFF3ED00151BDB /* FirebaseDatabase */,
				810781222AFFF3ED00151BDB /* FirebaseDatabaseSwift */,
				810781242AFFF3ED00151BDB /* FirebaseDynamicLinks */,
				810781262AFFF3ED00151BDB /* FirebaseFirestore */,
				810781282AFFF3ED00151BDB /* FirebaseFirestoreCombine-Community */,
				8107812A2AFFF3ED00151BDB /* FirebaseFirestoreSwift */,
				8107812C2AFFF3ED00151BDB /* FirebaseFunctions */,
				8107812E2AFFF3ED00151BDB /* FirebaseFunctionsCombine-Community */,
				810781302AFFF3ED00151BDB /* FirebaseInAppMessaging-Beta */,
				810781322AFFF3ED00151BDB /* FirebaseInAppMessagingSwift-Beta */,
				810781342AFFF3ED00151BDB /* FirebaseInstallations */,
				810781362AFFF3ED00151BDB /* FirebaseMLModelDownloader */,
				810781382AFFF3ED00151BDB /* FirebaseMessaging */,
				8107813A2AFFF3ED00151BDB /* FirebasePerformance */,
				8107813C2AFFF3ED00151BDB /* FirebaseRemoteConfig */,
				8107813E2AFFF3ED00151BDB /* FirebaseRemoteConfigSwift */,
				810781402AFFF3ED00151BDB /* FirebaseStorage */,
				810781422AFFF3ED00151BDB /* FirebaseStorageCombine-Community */,
			);
			productName = "My-WhatsApp";
			productReference = 8184A9A22AF34216006484B9 /* My-WhatsApp.app */;
			productType = "com.apple.product-type.application";
		};
/* End PBXNativeTarget section */

/* Begin PBXProject section */
		8184A99A2AF34216006484B9 /* Project object */ = {
			isa = PBXProject;
			attributes = {
				BuildIndependentTargetsInParallel = 1;
				LastSwiftUpdateCheck = 1430;
				LastUpgradeCheck = 1430;
				TargetAttributes = {
					8184A9A12AF34216006484B9 = {
						CreatedOnToolsVersion = 14.3.1;
					};
				};
			};
			buildConfigurationList = 8184A99D2AF34216006484B9 /* Build configuration list for PBXProject "My-WhatsApp" */;
			compatibilityVersion = "Xcode 14.0";
			developmentRegion = en;
			hasScannedForEncodings = 0;
			knownRegions = (
				en,
				Base,
			);
			mainGroup = 8184A9992AF34216006484B9;
			packageReferences = (
				8107810D2AFFF3ED00151BDB /* XCRemoteSwiftPackageReference "firebase-ios-sdk" */,
			);
			productRefGroup = 8184A9A32AF34216006484B9 /* Products */;
			projectDirPath = "";
			projectRoot = "";
			targets = (
				8184A9A12AF34216006484B9 /* My-WhatsApp */,
			);
		};
/* End PBXProject section */

/* Begin PBXResourcesBuildPhase section */
		8184A9A02AF34216006484B9 /* Resources */ = {
			isa = PBXResourcesBuildPhase;
			buildActionMask = 2147483647;
			files = (
				8184A9AD2AF34217006484B9 /* Preview Assets.xcassets in Resources */,
				8107810B2AFFED5800151BDB /* GoogleService-Info.plist in Resources */,
				8184A9AA2AF34217006484B9 /* Assets.xcassets in Resources */,
			);
			runOnlyForDeploymentPostprocessing = 0;
		};
/* End PBXResourcesBuildPhase section */

/* Begin PBXSourcesBuildPhase section */
		8184A99E2AF34216006484B9 /* Sources */ = {
			isa = PBXSourcesBuildPhase;
			buildActionMask = 2147483647;
			files = (
				817823B02AF764C600A47D1C /* StatusViewModel.swift in Sources */,
				81A4A91E2AF6A35000815471 /* EditProfileView.swift in Sources */,
				817823AE2AF75C5E00A47D1C /* StatusSelectorView.swift in Sources */,
				817823B22AF77D6400A47D1C /* ImagePicker.swift in Sources */,
				81C201062B11911D0001FC43 /* User.swift in Sources */,
				8184A9A82AF34216006484B9 /* ContentView.swift in Sources */,
				81A4A9152AF62EB700815471 /* LoginView.swift in Sources */,
				813E19C02AF9532B00F0CC7E /* UserCell.swift in Sources */,
				8118FF0D2AFABF9800C29CA8 /* ChatViewModel.swift in Sources */,
				81A4A91C2AF69A6D00815471 /* SettingsCellViewModel.swift in Sources */,
				81A4A91A2AF65E6900815471 /* SettingsCell.swift in Sources */,
				8118FF0B2AFABF0300C29CA8 /* Message.swift in Sources */,
				8118FF052AFAA4D800C29CA8 /* ChatBubble.swift in Sources */,
				8118FF032AFA976F00C29CA8 /* Extensions.swift in Sources */,
				813E19C22AF9541900F0CC7E /* NewMessageView.swift in Sources */,
				8118FF072AFAA6FD00C29CA8 /* MessageView.swift in Sources */,
				81A4A9162AF62EB700815471 /* ChannelsView.swift in Sources */,
				81A4A9182AF65D0A00815471 /* SettingsHeaderView.swift in Sources */,
				81DA0B3C2B052CBE004799B7 /* ImageUploader.swift in Sources */,
				81A4A9142AF62EB700815471 /* RegistrationView.swift in Sources */,
				81A4A90F2AF62EB700815471 /* MainTabView.swift in Sources */,
				813E19C42AF9652B00F0CC7E /* SearchBar.swift in Sources */,
				8167A5EF2B00A3D400E03479 /* ProfilePhotoSelectorView.swift in Sources */,
				8118FF092AFAB64500C29CA8 /* CustomInputView.swift in Sources */,
				8184A9A62AF34216006484B9 /* My_WhatsAppApp.swift in Sources */,
				81A4A90C2AF62EB700815471 /* SettingsView.swift in Sources */,
				813E19BE2AF9442F00F0CC7E /* ConversationCell.swift in Sources */,
				810781452AFFFA0D00151BDB /* AuthViewModel.swift in Sources */,
				81A4A90E2AF62EB700815471 /* ChatView.swift in Sources */,
				81A4A90D2AF62EB700815471 /* ConversationsView.swift in Sources */,
				81E2F0B02AF554BD00550881 /* CustomTextField.swift in Sources */,
			);
			runOnlyForDeploymentPostprocessing = 0;
		};
/* End PBXSourcesBuildPhase section */

/* Begin XCBuildConfiguration section */
		8184A9AE2AF34217006484B9 /* Debug */ = {
			isa = XCBuildConfiguration;
			buildSettings = {
				ALWAYS_SEARCH_USER_PATHS = NO;
				CLANG_ANALYZER_NONNULL = YES;
				CLANG_ANALYZER_NUMBER_OBJECT_CONVERSION = YES_AGGRESSIVE;
				CLANG_CXX_LANGUAGE_STANDARD = "gnu++20";
				CLANG_ENABLE_MODULES = YES;
				CLANG_ENABLE_OBJC_ARC = YES;
				CLANG_ENABLE_OBJC_WEAK = YES;
				CLANG_WARN_BLOCK_CAPTURE_AUTORELEASING = YES;
				CLANG_WARN_BOOL_CONVERSION = YES;
				CLANG_WARN_COMMA = YES;
				CLANG_WARN_CONSTANT_CONVERSION = YES;
				CLANG_WARN_DEPRECATED_OBJC_IMPLEMENTATIONS = YES;
				CLANG_WARN_DIRECT_OBJC_ISA_USAGE = YES_ERROR;
				CLANG_WARN_DOCUMENTATION_COMMENTS = YES;
				CLANG_WARN_EMPTY_BODY = YES;
				CLANG_WARN_ENUM_CONVERSION = YES;
				CLANG_WARN_INFINITE_RECURSION = YES;
				CLANG_WARN_INT_CONVERSION = YES;
				CLANG_WARN_NON_LITERAL_NULL_CONVERSION = YES;
				CLANG_WARN_OBJC_IMPLICIT_RETAIN_SELF = YES;
				CLANG_WARN_OBJC_LITERAL_CONVERSION = YES;
				CLANG_WARN_OBJC_ROOT_CLASS = YES_ERROR;
				CLANG_WARN_QUOTED_INCLUDE_IN_FRAMEWORK_HEADER = YES;
				CLANG_WARN_RANGE_LOOP_ANALYSIS = YES;
				CLANG_WARN_STRICT_PROTOTYPES = YES;
				CLANG_WARN_SUSPICIOUS_MOVE = YES;
				CLANG_WARN_UNGUARDED_AVAILABILITY = YES_AGGRESSIVE;
				CLANG_WARN_UNREACHABLE_CODE = YES;
				CLANG_WARN__DUPLICATE_METHOD_MATCH = YES;
				COPY_PHASE_STRIP = NO;
				DEBUG_INFORMATION_FORMAT = dwarf;
				ENABLE_STRICT_OBJC_MSGSEND = YES;
				ENABLE_TESTABILITY = YES;
				GCC_C_LANGUAGE_STANDARD = gnu11;
				GCC_DYNAMIC_NO_PIC = NO;
				GCC_NO_COMMON_BLOCKS = YES;
				GCC_OPTIMIZATION_LEVEL = 0;
				GCC_PREPROCESSOR_DEFINITIONS = (
					"DEBUG=1",
					"$(inherited)",
				);
				GCC_WARN_64_TO_32_BIT_CONVERSION = YES;
				GCC_WARN_ABOUT_RETURN_TYPE = YES_ERROR;
				GCC_WARN_UNDECLARED_SELECTOR = YES;
				GCC_WARN_UNINITIALIZED_AUTOS = YES_AGGRESSIVE;
				GCC_WARN_UNUSED_FUNCTION = YES;
				GCC_WARN_UNUSED_VARIABLE = YES;
				IPHONEOS_DEPLOYMENT_TARGET = 16.4;
				MTL_ENABLE_DEBUG_INFO = INCLUDE_SOURCE;
				MTL_FAST_MATH = YES;
				ONLY_ACTIVE_ARCH = YES;
				SDKROOT = iphoneos;
				SWIFT_ACTIVE_COMPILATION_CONDITIONS = DEBUG;
				SWIFT_OPTIMIZATION_LEVEL = "-Onone";
			};
			name = Debug;
		};
		8184A9AF2AF34217006484B9 /* Release */ = {
			isa = XCBuildConfiguration;
			buildSettings = {
				ALWAYS_SEARCH_USER_PATHS = NO;
				CLANG_ANALYZER_NONNULL = YES;
				CLANG_ANALYZER_NUMBER_OBJECT_CONVERSION = YES_AGGRESSIVE;
				CLANG_CXX_LANGUAGE_STANDARD = "gnu++20";
				CLANG_ENABLE_MODULES = YES;
				CLANG_ENABLE_OBJC_ARC = YES;
				CLANG_ENABLE_OBJC_WEAK = YES;
				CLANG_WARN_BLOCK_CAPTURE_AUTORELEASING = YES;
				CLANG_WARN_BOOL_CONVERSION = YES;
				CLANG_WARN_COMMA = YES;
				CLANG_WARN_CONSTANT_CONVERSION = YES;
				CLANG_WARN_DEPRECATED_OBJC_IMPLEMENTATIONS = YES;
				CLANG_WARN_DIRECT_OBJC_ISA_USAGE = YES_ERROR;
				CLANG_WARN_DOCUMENTATION_COMMENTS = YES;
				CLANG_WARN_EMPTY_BODY = YES;
				CLANG_WARN_ENUM_CONVERSION = YES;
				CLANG_WARN_INFINITE_RECURSION = YES;
				CLANG_WARN_INT_CONVERSION = YES;
				CLANG_WARN_NON_LITERAL_NULL_CONVERSION = YES;
				CLANG_WARN_OBJC_IMPLICIT_RETAIN_SELF = YES;
				CLANG_WARN_OBJC_LITERAL_CONVERSION = YES;
				CLANG_WARN_OBJC_ROOT_CLASS = YES_ERROR;
				CLANG_WARN_QUOTED_INCLUDE_IN_FRAMEWORK_HEADER = YES;
				CLANG_WARN_RANGE_LOOP_ANALYSIS = YES;
				CLANG_WARN_STRICT_PROTOTYPES = YES;
				CLANG_WARN_SUSPICIOUS_MOVE = YES;
				CLANG_WARN_UNGUARDED_AVAILABILITY = YES_AGGRESSIVE;
				CLANG_WARN_UNREACHABLE_CODE = YES;
				CLANG_WARN__DUPLICATE_METHOD_MATCH = YES;
				COPY_PHASE_STRIP = NO;
				DEBUG_INFORMATION_FORMAT = "dwarf-with-dsym";
				ENABLE_NS_ASSERTIONS = NO;
				ENABLE_STRICT_OBJC_MSGSEND = YES;
				GCC_C_LANGUAGE_STANDARD = gnu11;
				GCC_NO_COMMON_BLOCKS = YES;
				GCC_WARN_64_TO_32_BIT_CONVERSION = YES;
				GCC_WARN_ABOUT_RETURN_TYPE = YES_ERROR;
				GCC_WARN_UNDECLARED_SELECTOR = YES;
				GCC_WARN_UNINITIALIZED_AUTOS = YES_AGGRESSIVE;
				GCC_WARN_UNUSED_FUNCTION = YES;
				GCC_WARN_UNUSED_VARIABLE = YES;
				IPHONEOS_DEPLOYMENT_TARGET = 16.4;
				MTL_ENABLE_DEBUG_INFO = NO;
				MTL_FAST_MATH = YES;
				SDKROOT = iphoneos;
				SWIFT_COMPILATION_MODE = wholemodule;
				SWIFT_OPTIMIZATION_LEVEL = "-O";
				VALIDATE_PRODUCT = YES;
			};
			name = Release;
		};
		8184A9B12AF34217006484B9 /* Debug */ = {
			isa = XCBuildConfiguration;
			buildSettings = {
				ASSETCATALOG_COMPILER_APPICON_NAME = AppIcon;
				ASSETCATALOG_COMPILER_GLOBAL_ACCENT_COLOR_NAME = AccentColor;
				CODE_SIGN_STYLE = Automatic;
				CURRENT_PROJECT_VERSION = 1;
				DEVELOPMENT_ASSET_PATHS = "\"My-WhatsApp/Preview Content\"";
				DEVELOPMENT_TEAM = 4CJW76Y9FL;
				ENABLE_PREVIEWS = YES;
				GENERATE_INFOPLIST_FILE = YES;
				INFOPLIST_KEY_UIApplicationSceneManifest_Generation = YES;
				INFOPLIST_KEY_UIApplicationSupportsIndirectInputEvents = YES;
				INFOPLIST_KEY_UILaunchScreen_Generation = YES;
				INFOPLIST_KEY_UISupportedInterfaceOrientations_iPad = "UIInterfaceOrientationPortrait UIInterfaceOrientationPortraitUpsideDown UIInterfaceOrientationLandscapeLeft UIInterfaceOrientationLandscapeRight";
				INFOPLIST_KEY_UISupportedInterfaceOrientations_iPhone = "UIInterfaceOrientationPortrait UIInterfaceOrientationLandscapeLeft UIInterfaceOrientationLandscapeRight";
				LD_RUNPATH_SEARCH_PATHS = (
					"$(inherited)",
					"@executable_path/Frameworks",
				);
				MARKETING_VERSION = 1.0;
				PRODUCT_BUNDLE_IDENTIFIER = "Sahil.Amrut.Agashe.com.My-WhatsApp";
				PRODUCT_NAME = "$(TARGET_NAME)";
				SWIFT_EMIT_LOC_STRINGS = YES;
				SWIFT_VERSION = 5.0;
				TARGETED_DEVICE_FAMILY = "1,2";
			};
			name = Debug;
		};
		8184A9B22AF34217006484B9 /* Release */ = {
			isa = XCBuildConfiguration;
			buildSettings = {
				ASSETCATALOG_COMPILER_APPICON_NAME = AppIcon;
				ASSETCATALOG_COMPILER_GLOBAL_ACCENT_COLOR_NAME = AccentColor;
				CODE_SIGN_STYLE = Automatic;
				CURRENT_PROJECT_VERSION = 1;
				DEVELOPMENT_ASSET_PATHS = "\"My-WhatsApp/Preview Content\"";
				DEVELOPMENT_TEAM = 4CJW76Y9FL;
				ENABLE_PREVIEWS = YES;
				GENERATE_INFOPLIST_FILE = YES;
				INFOPLIST_KEY_UIApplicationSceneManifest_Generation = YES;
				INFOPLIST_KEY_UIApplicationSupportsIndirectInputEvents = YES;
				INFOPLIST_KEY_UILaunchScreen_Generation = YES;
				INFOPLIST_KEY_UISupportedInterfaceOrientations_iPad = "UIInterfaceOrientationPortrait UIInterfaceOrientationPortraitUpsideDown UIInterfaceOrientationLandscapeLeft UIInterfaceOrientationLandscapeRight";
				INFOPLIST_KEY_UISupportedInterfaceOrientations_iPhone = "UIInterfaceOrientationPortrait UIInterfaceOrientationLandscapeLeft UIInterfaceOrientationLandscapeRight";
				LD_RUNPATH_SEARCH_PATHS = (
					"$(inherited)",
					"@executable_path/Frameworks",
				);
				MARKETING_VERSION = 1.0;
				PRODUCT_BUNDLE_IDENTIFIER = "Sahil.Amrut.Agashe.com.My-WhatsApp";
				PRODUCT_NAME = "$(TARGET_NAME)";
				SWIFT_EMIT_LOC_STRINGS = YES;
				SWIFT_VERSION = 5.0;
				TARGETED_DEVICE_FAMILY = "1,2";
			};
			name = Release;
		};
/* End XCBuildConfiguration section */

/* Begin XCConfigurationList section */
		8184A99D2AF34216006484B9 /* Build configuration list for PBXProject "My-WhatsApp" */ = {
			isa = XCConfigurationList;
			buildConfigurations = (
				8184A9AE2AF34217006484B9 /* Debug */,
				8184A9AF2AF34217006484B9 /* Release */,
			);
			defaultConfigurationIsVisible = 0;
			defaultConfigurationName = Release;
		};
		8184A9B02AF34217006484B9 /* Build configuration list for PBXNativeTarget "My-WhatsApp" */ = {
			isa = XCConfigurationList;
			buildConfigurations = (
				8184A9B12AF34217006484B9 /* Debug */,
				8184A9B22AF34217006484B9 /* Release */,
			);
			defaultConfigurationIsVisible = 0;
			defaultConfigurationName = Release;
		};
/* End XCConfigurationList section */

/* Begin XCRemoteSwiftPackageReference section */
		8107810D2AFFF3ED00151BDB /* XCRemoteSwiftPackageReference "firebase-ios-sdk" */ = {
			isa = XCRemoteSwiftPackageReference;
			repositoryURL = "https://github.com/firebase/firebase-ios-sdk";
			requirement = {
				kind = upToNextMajorVersion;
				minimumVersion = 10.0.0;
			};
		};
/* End XCRemoteSwiftPackageReference section */

/* Begin XCSwiftPackageProductDependency section */
		8107810E2AFFF3ED00151BDB /* FirebaseAnalytics */ = {
			isa = XCSwiftPackageProductDependency;
			package = 8107810D2AFFF3ED00151BDB /* XCRemoteSwiftPackageReference "firebase-ios-sdk" */;
			productName = FirebaseAnalytics;
		};
		810781102AFFF3ED00151BDB /* FirebaseAnalyticsOnDeviceConversion */ = {
			isa = XCSwiftPackageProductDependency;
			package = 8107810D2AFFF3ED00151BDB /* XCRemoteSwiftPackageReference "firebase-ios-sdk" */;
			productName = FirebaseAnalyticsOnDeviceConversion;
		};
		810781122AFFF3ED00151BDB /* FirebaseAnalyticsSwift */ = {
			isa = XCSwiftPackageProductDependency;
			package = 8107810D2AFFF3ED00151BDB /* XCRemoteSwiftPackageReference "firebase-ios-sdk" */;
			productName = FirebaseAnalyticsSwift;
		};
		810781142AFFF3ED00151BDB /* FirebaseAnalyticsWithoutAdIdSupport */ = {
			isa = XCSwiftPackageProductDependency;
			package = 8107810D2AFFF3ED00151BDB /* XCRemoteSwiftPackageReference "firebase-ios-sdk" */;
			productName = FirebaseAnalyticsWithoutAdIdSupport;
		};
		810781162AFFF3ED00151BDB /* FirebaseAppCheck */ = {
			isa = XCSwiftPackageProductDependency;
			package = 8107810D2AFFF3ED00151BDB /* XCRemoteSwiftPackageReference "firebase-ios-sdk" */;
			productName = FirebaseAppCheck;
		};
		810781182AFFF3ED00151BDB /* FirebaseAppDistribution-Beta */ = {
			isa = XCSwiftPackageProductDependency;
			package = 8107810D2AFFF3ED00151BDB /* XCRemoteSwiftPackageReference "firebase-ios-sdk" */;
			productName = "FirebaseAppDistribution-Beta";
		};
		8107811A2AFFF3ED00151BDB /* FirebaseAuth */ = {
			isa = XCSwiftPackageProductDependency;
			package = 8107810D2AFFF3ED00151BDB /* XCRemoteSwiftPackageReference "firebase-ios-sdk" */;
			productName = FirebaseAuth;
		};
		8107811C2AFFF3ED00151BDB /* FirebaseAuthCombine-Community */ = {
			isa = XCSwiftPackageProductDependency;
			package = 8107810D2AFFF3ED00151BDB /* XCRemoteSwiftPackageReference "firebase-ios-sdk" */;
			productName = "FirebaseAuthCombine-Community";
		};
		8107811E2AFFF3ED00151BDB /* FirebaseCrashlytics */ = {
			isa = XCSwiftPackageProductDependency;
			package = 8107810D2AFFF3ED00151BDB /* XCRemoteSwiftPackageReference "firebase-ios-sdk" */;
			productName = FirebaseCrashlytics;
		};
		810781202AFFF3ED00151BDB /* FirebaseDatabase */ = {
			isa = XCSwiftPackageProductDependency;
			package = 8107810D2AFFF3ED00151BDB /* XCRemoteSwiftPackageReference "firebase-ios-sdk" */;
			productName = FirebaseDatabase;
		};
		810781222AFFF3ED00151BDB /* FirebaseDatabaseSwift */ = {
			isa = XCSwiftPackageProductDependency;
			package = 8107810D2AFFF3ED00151BDB /* XCRemoteSwiftPackageReference "firebase-ios-sdk" */;
			productName = FirebaseDatabaseSwift;
		};
		810781242AFFF3ED00151BDB /* FirebaseDynamicLinks */ = {
			isa = XCSwiftPackageProductDependency;
			package = 8107810D2AFFF3ED00151BDB /* XCRemoteSwiftPackageReference "firebase-ios-sdk" */;
			productName = FirebaseDynamicLinks;
		};
		810781262AFFF3ED00151BDB /* FirebaseFirestore */ = {
			isa = XCSwiftPackageProductDependency;
			package = 8107810D2AFFF3ED00151BDB /* XCRemoteSwiftPackageReference "firebase-ios-sdk" */;
			productName = FirebaseFirestore;
		};
		810781282AFFF3ED00151BDB /* FirebaseFirestoreCombine-Community */ = {
			isa = XCSwiftPackageProductDependency;
			package = 8107810D2AFFF3ED00151BDB /* XCRemoteSwiftPackageReference "firebase-ios-sdk" */;
			productName = "FirebaseFirestoreCombine-Community";
		};
		8107812A2AFFF3ED00151BDB /* FirebaseFirestoreSwift */ = {
			isa = XCSwiftPackageProductDependency;
			package = 8107810D2AFFF3ED00151BDB /* XCRemoteSwiftPackageReference "firebase-ios-sdk" */;
			productName = FirebaseFirestoreSwift;
		};
		8107812C2AFFF3ED00151BDB /* FirebaseFunctions */ = {
			isa = XCSwiftPackageProductDependency;
			package = 8107810D2AFFF3ED00151BDB /* XCRemoteSwiftPackageReference "firebase-ios-sdk" */;
			productName = FirebaseFunctions;
		};
		8107812E2AFFF3ED00151BDB /* FirebaseFunctionsCombine-Community */ = {
			isa = XCSwiftPackageProductDependency;
			package = 8107810D2AFFF3ED00151BDB /* XCRemoteSwiftPackageReference "firebase-ios-sdk" */;
			productName = "FirebaseFunctionsCombine-Community";
		};
		810781302AFFF3ED00151BDB /* FirebaseInAppMessaging-Beta */ = {
			isa = XCSwiftPackageProductDependency;
			package = 8107810D2AFFF3ED00151BDB /* XCRemoteSwiftPackageReference "firebase-ios-sdk" */;
			productName = "FirebaseInAppMessaging-Beta";
		};
		810781322AFFF3ED00151BDB /* FirebaseInAppMessagingSwift-Beta */ = {
			isa = XCSwiftPackageProductDependency;
			package = 8107810D2AFFF3ED00151BDB /* XCRemoteSwiftPackageReference "firebase-ios-sdk" */;
			productName = "FirebaseInAppMessagingSwift-Beta";
		};
		810781342AFFF3ED00151BDB /* FirebaseInstallations */ = {
			isa = XCSwiftPackageProductDependency;
			package = 8107810D2AFFF3ED00151BDB /* XCRemoteSwiftPackageReference "firebase-ios-sdk" */;
			productName = FirebaseInstallations;
		};
		810781362AFFF3ED00151BDB /* FirebaseMLModelDownloader */ = {
			isa = XCSwiftPackageProductDependency;
			package = 8107810D2AFFF3ED00151BDB /* XCRemoteSwiftPackageReference "firebase-ios-sdk" */;
			productName = FirebaseMLModelDownloader;
		};
		810781382AFFF3ED00151BDB /* FirebaseMessaging */ = {
			isa = XCSwiftPackageProductDependency;
			package = 8107810D2AFFF3ED00151BDB /* XCRemoteSwiftPackageReference "firebase-ios-sdk" */;
			productName = FirebaseMessaging;
		};
		8107813A2AFFF3ED00151BDB /* FirebasePerformance */ = {
			isa = XCSwiftPackageProductDependency;
			package = 8107810D2AFFF3ED00151BDB /* XCRemoteSwiftPackageReference "firebase-ios-sdk" */;
			productName = FirebasePerformance;
		};
		8107813C2AFFF3ED00151BDB /* FirebaseRemoteConfig */ = {
			isa = XCSwiftPackageProductDependency;
			package = 8107810D2AFFF3ED00151BDB /* XCRemoteSwiftPackageReference "firebase-ios-sdk" */;
			productName = FirebaseRemoteConfig;
		};
		8107813E2AFFF3ED00151BDB /* FirebaseRemoteConfigSwift */ = {
			isa = XCSwiftPackageProductDependency;
			package = 8107810D2AFFF3ED00151BDB /* XCRemoteSwiftPackageReference "firebase-ios-sdk" */;
			productName = FirebaseRemoteConfigSwift;
		};
		810781402AFFF3ED00151BDB /* FirebaseStorage */ = {
			isa = XCSwiftPackageProductDependency;
			package = 8107810D2AFFF3ED00151BDB /* XCRemoteSwiftPackageReference "firebase-ios-sdk" */;
			productName = FirebaseStorage;
		};
		810781422AFFF3ED00151BDB /* FirebaseStorageCombine-Community */ = {
			isa = XCSwiftPackageProductDependency;
			package = 8107810D2AFFF3ED00151BDB /* XCRemoteSwiftPackageReference "firebase-ios-sdk" */;
			productName = "FirebaseStorageCombine-Community";
		};
/* End XCSwiftPackageProductDependency section */
	};
	rootObject = 8184A99A2AF34216006484B9 /* Project object */;
}
